<?xml version="1.0" encoding="utf-8"?>
<Project ToolsVersion="4.0" xmlns="http://schemas.microsoft.com/developer/msbuild/2003">
  <ItemGroup>
    <Filter Include="Source Files">
      <UniqueIdentifier>{4FC737F1-C7A5-4376-A066-2A32D752A2FF}</UniqueIdentifier>
      <Extensions>cpp;c;cc;cxx;c++;cppm;ixx;def;odl;idl;hpj;bat;asm;asmx</Extensions>
    </Filter>
    <Filter Include="Header Files">
      <UniqueIdentifier>{93995380-89BD-4b04-88EB-625FBE52EBFB}</UniqueIdentifier>
      <Extensions>h;hh;hpp;hxx;h++;hm;inl;inc;ipp;xsd</Extensions>
    </Filter>
    <Filter Include="Resource Files">
      <UniqueIdentifier>{67DA6AB6-F800-4c08-8B7A-83BB121AAD01}</UniqueIdentifier>
      <Extensions>rc;ico;cur;bmp;dlg;rc2;rct;bin;rgs;gif;jpg;jpeg;jpe;resx;tiff;tif;png;wav;mfcribbon-ms</Extensions>
    </Filter>
    <Filter Include="Resource Files\Shaders">
      <UniqueIdentifier>{d434bbd7-68a2-41b7-bbf0-f4b23e5411cc}</UniqueIdentifier>
    </Filter>
    <Filter Include="Resource Files\Textures">
      <UniqueIdentifier>{2468cec0-cc4f-40cc-a437-b21ae3a76ae6}</UniqueIdentifier>
    </Filter>
  </ItemGroup>
  <ItemGroup>
    <ClCompile Include="LoadShaders.cpp">
      <Filter>Source Files</Filter>
    </ClCompile>
    <ClCompile Include="Main.cpp">
      <Filter>Source Files</Filter>
    </ClCompile>
    <ClCompile Include="mountain.cpp">
      <Filter>Source Files</Filter>
    </ClCompile>
    <ClCompile Include="skybox.cpp">
      <Filter>Source Files</Filter>
    </ClCompile>
    <ClCompile Include="water.cpp">
      <Filter>Source Files</Filter>
    </ClCompile>
    <ClCompile Include="..\..\..\..\GLAD\src\glad.c">
      <Filter>Source Files</Filter>
    </ClCompile>
    <ClCompile Include="Camera.cpp">
      <Filter>Source Files</Filter>
    </ClCompile>
  </ItemGroup>
  <ItemGroup>
    <Image Include="detail.bmp">
      <Filter>Resource Files\Textures</Filter>
    </Image>
    <Image Include="heightmap.bmp">
      <Filter>Resource Files\Textures</Filter>
    </Image>
    <Image Include="SkyBox0.bmp">
      <Filter>Resource Files\Textures</Filter>
    </Image>
    <Image Include="SkyBox1.bmp">
      <Filter>Resource Files\Textures</Filter>
    </Image>
    <Image Include="SkyBox2.bmp">
      <Filter>Resource Files\Textures</Filter>
    </Image>
    <Image Include="SkyBox3.bmp">
      <Filter>Resource Files\Textures</Filter>
    </Image>
    <Image Include="SkyBox4.bmp">
      <Filter>Resource Files\Textures</Filter>
    </Image>
    <Image Include="SkyBox5.bmp">
      <Filter>Resource Files\Textures</Filter>
    </Image>
    <Image Include="terrain-texture3.bmp">
      <Filter>Resource Files\Textures</Filter>
    </Image>
    <Image Include="water.png">
      <Filter>Resource Files\Textures</Filter>
    </Image>
  </ItemGroup>
  <ItemGroup>
    <None Include="mountain.frag">
      <Filter>Resource Files\Shaders</Filter>
    </None>
    <None Include="mountain.vert">
      <Filter>Resource Files\Shaders</Filter>
    </None>
    <None Include="skybox.frag">
      <Filter>Resource Files\Shaders</Filter>
    </None>
    <None Include="skybox.vert">
      <Filter>Resource Files\Shaders</Filter>
    </None>
    <None Include="water.frag">
      <Filter>Resource Files\Shaders</Filter>
    </None>
    <None Include="water.vert">
      <Filter>Resource Files\Shaders</Filter>
    </None>
    <None Include="wave.frag">
      <Filter>Resource Files\Shaders</Filter>
    </None>
    <None Include="wave.vert">
      <Filter>Resource Files\Shaders</Filter>
    </None>
  </ItemGroup>
  <ItemGroup>
    <ClInclude Include="LoadShaders.h">
      <Filter>Header Files</Filter>
    </ClInclude>
    <ClInclude Include="mountain.h">
      <Filter>Header Files</Filter>
    </ClInclude>
    <ClInclude Include="skybox.h">
      <Filter>Header Files</Filter>
    </ClInclude>
    <ClInclude Include="water.h">
      <Filter>Header Files</Filter>
    </ClInclude>
    <ClInclude Include="Camera.h">
      <Filter>Header Files</Filter>
    </ClInclude>
  </ItemGroup>
</Project>